
Microsoft Visual Studio Solution File, Format Version 12.00
# Visual Studio Version 17
VisualStudioVersion = 17.0.31903.59
MinimumVisualStudioVersion = 10.0.40219.1
Project("{FAE04EC0-301F-11D3-BF4B-00C04F79EFBC}") = "Domain", "Domain\Domain.csproj", "{0B546599-10CA-4127-9903-B7FE3DE14C01}"
EndProject
Project("{FAE04EC0-301F-11D3-BF4B-00C04F79EFBC}") = "Enums", "Enums\Enums.csproj", "{2838835F-5B44-49C2-87C4-019D492DB7CC}"
EndProject
Global
	GlobalSection(SolutionConfigurationPlatforms) = preSolution
		Debug|Any CPU = Debug|Any CPU
		Release|Any CPU = Release|Any CPU
	EndGlobalSection
	GlobalSection(SolutionProperties) = preSolution
		HideSolutionNode = FALSE
	EndGlobalSection
	GlobalSection(ProjectConfigurationPlatforms) = postSolution
		{0B546599-10CA-4127-9903-B7FE3DE14C01}.Debug|Any CPU.ActiveCfg = Debug|Any CPU
		{0B546599-10CA-4127-9903-B7FE3DE14C01}.Debug|Any CPU.Build.0 = Debug|Any CPU
		{0B546599-10CA-4127-9903-B7FE3DE14C01}.Release|Any CPU.ActiveCfg = Release|Any CPU
		{0B546599-10CA-4127-9903-B7FE3DE14C01}.Release|Any CPU.Build.0 = Release|Any CPU
		{2838835F-5B44-49C2-87C4-019D492DB7CC}.Debug|Any CPU.ActiveCfg = Debug|Any CPU
		{2838835F-5B44-49C2-87C4-019D492DB7CC}.Debug|Any CPU.Build.0 = Debug|Any CPU
		{2838835F-5B44-49C2-87C4-019D492DB7CC}.Release|Any CPU.ActiveCfg = Release|Any CPU
		{2838835F-5B44-49C2-87C4-019D492DB7CC}.Release|Any CPU.Build.0 = Release|Any CPU
	EndGlobalSection
EndGlobal
